{
  "requires": true,
  "lockfileVersion": 1,
  "dependencies": {
    "react-card-flip": {
      "version": "1.0.10",
      "resolved": "https://registry.npmjs.org/react-card-flip/-/react-card-flip-1.0.10.tgz",
      "integrity": "sha512-BqK6PmP+L/xmcH1AoMuirbxRuDIiaNy3r8734GJQqEyIWoW8L4j2c/di6mbNg+I2rGue3tLH1I9QbJLd7M89ww=="
    }
  }
}
